
Microsoft Visual Studio Solution File, Format Version 12.00
Project("{FAE04EC0-301F-11D3-BF4B-00C04F79EFBC}") = "JsonPatchTest", "JsonPatchTest\JsonPatchTest.csproj", "{94AD0B03-C6D7-489E-A2FC-480DD640C071}"
EndProject
Project("{FAE04EC0-301F-11D3-BF4B-00C04F79EFBC}") = "JsonPatch", "JsonPatch\JsonPatch.csproj", "{18B0AEF7-8CCF-4A44-AD4C-6627555016D6}"
EndProject
Global
	GlobalSection(SolutionConfigurationPlatforms) = preSolution
		Debug|Any CPU = Debug|Any CPU
		Release|Any CPU = Release|Any CPU
	EndGlobalSection
	GlobalSection(ProjectConfigurationPlatforms) = postSolution
		{94AD0B03-C6D7-489E-A2FC-480DD640C071}.Debug|Any CPU.ActiveCfg = Debug|Any CPU
		{94AD0B03-C6D7-489E-A2FC-480DD640C071}.Debug|Any CPU.Build.0 = Debug|Any CPU
		{94AD0B03-C6D7-489E-A2FC-480DD640C071}.Release|Any CPU.ActiveCfg = Release|Any CPU
		{94AD0B03-C6D7-489E-A2FC-480DD640C071}.Release|Any CPU.Build.0 = Release|Any CPU
		{18B0AEF7-8CCF-4A44-AD4C-6627555016D6}.Debug|Any CPU.ActiveCfg = Debug|Any CPU
		{18B0AEF7-8CCF-4A44-AD4C-6627555016D6}.Debug|Any CPU.Build.0 = Debug|Any CPU
		{18B0AEF7-8CCF-4A44-AD4C-6627555016D6}.Release|Any CPU.ActiveCfg = Release|Any CPU
		{18B0AEF7-8CCF-4A44-AD4C-6627555016D6}.Release|Any CPU.Build.0 = Release|Any CPU
	EndGlobalSection
EndGlobal
